// !$*UTF8*$!
{
	archiveVersion = 1;
	classes = {
	};
	objectVersion = 56;
	objects = {

/* Begin PBXBuildFile section */
		23586BA1292CCA4E00E70EB4 /* AppDelegate.swift in Sources */ = {isa = PBXBuildFile; fileRef = 23586BA0292CCA4E00E70EB4 /* AppDelegate.swift */; };
		23586BA3292CCA4E00E70EB4 /* SceneDelegate.swift in Sources */ = {isa = PBXBuildFile; fileRef = 23586BA2292CCA4E00E70EB4 /* SceneDelegate.swift */; };
		23586BA5292CCA4E00E70EB4 /* MainViewController.swift in Sources */ = {isa = PBXBuildFile; fileRef = 23586BA4292CCA4E00E70EB4 /* MainViewController.swift */; };
		23586BA8292CCA4E00E70EB4 /* Main.storyboard in Resources */ = {isa = PBXBuildFile; fileRef = 23586BA6292CCA4E00E70EB4 /* Main.storyboard */; };
		23586BAA292CCA5000E70EB4 /* Assets.xcassets in Resources */ = {isa = PBXBuildFile; fileRef = 23586BA9292CCA5000E70EB4 /* Assets.xcassets */; };
		23586BAD292CCA5000E70EB4 /* LaunchScreen.storyboard in Resources */ = {isa = PBXBuildFile; fileRef = 23586BAB292CCA5000E70EB4 /* LaunchScreen.storyboard */; };
		23586BB9292CEA9000E70EB4 /* StorybordViewController.swift in Sources */ = {isa = PBXBuildFile; fileRef = 23586BB8292CEA9000E70EB4 /* StorybordViewController.swift */; };
		23586BBD292CF08300E70EB4 /* XibViewController.swift in Sources */ = {isa = PBXBuildFile; fileRef = 23586BBC292CF08300E70EB4 /* XibViewController.swift */; };
		23586BC1292CF0A200E70EB4 /* XibViewController.xib in Resources */ = {isa = PBXBuildFile; fileRef = 23586BC0292CF0A200E70EB4 /* XibViewController.xib */; };
		23586BC3292CFE8700E70EB4 /* SwiftUISubView.swift in Sources */ = {isa = PBXBuildFile; fileRef = 23586BC2292CFE8700E70EB4 /* SwiftUISubView.swift */; };
		23586BC5292D263200E70EB4 /* SwiftUIViewcontroller.swift in Sources */ = {isa = PBXBuildFile; fileRef = 23586BC4292D263200E70EB4 /* SwiftUIViewcontroller.swift */; };
/* End PBXBuildFile section */

/* Begin PBXFileReference section */
		23586B9D292CCA4E00E70EB4 /* swiftui_storyboard_mixed_use.app */ = {isa = PBXFileReference; explicitFileType = wrapper.application; includeInIndex = 0; path = swiftui_storyboard_mixed_use.app; sourceTree = BUILT_PRODUCTS_DIR; };
		23586BA0292CCA4E00E70EB4 /* AppDelegate.swift */ = {isa = PBXFileReference; lastKnownFileType = sourcecode.swift; path = AppDelegate.swift; sourceTree = "<group>"; };
		23586BA2292CCA4E00E70EB4 /* SceneDelegate.swift */ = {isa = PBXFileReference; lastKnownFileType = sourcecode.swift; path = SceneDelegate.swift; sourceTree = "<group>"; };
		23586BA4292CCA4E00E70EB4 /* MainViewController.swift */ = {isa = PBXFileReference; lastKnownFileType = sourcecode.swift; path = MainViewController.swift; sourceTree = "<group>"; };
		23586BA7292CCA4E00E70EB4 /* Base */ = {isa = PBXFileReference; lastKnownFileType = file.storyboard; name = Base; path = Base.lproj/Main.storyboard; sourceTree = "<group>"; };
		23586BA9292CCA5000E70EB4 /* Assets.xcassets */ = {isa = PBXFileReference; lastKnownFileType = folder.assetcatalog; path = Assets.xcassets; sourceTree = "<group>"; };
		23586BAC292CCA5000E70EB4 /* Base */ = {isa = PBXFileReference; lastKnownFileType = file.storyboard; name = Base; path = Base.lproj/LaunchScreen.storyboard; sourceTree = "<group>"; };
		23586BAE292CCA5000E70EB4 /* Info.plist */ = {isa = PBXFileReference; lastKnownFileType = text.plist.xml; path = Info.plist; sourceTree = "<group>"; };
		23586BB8292CEA9000E70EB4 /* StorybordViewController.swift */ = {isa = PBXFileReference; lastKnownFileType = sourcecode.swift; path = StorybordViewController.swift; sourceTree = "<group>"; };
		23586BBC292CF08300E70EB4 /* XibViewController.swift */ = {isa = PBXFileReference; lastKnownFileType = sourcecode.swift; path = XibViewController.swift; sourceTree = "<group>"; };
		23586BC0292CF0A200E70EB4 /* XibViewController.xib */ = {isa = PBXFileReference; lastKnownFileType = file.xib; path = XibViewController.xib; sourceTree = "<group>"; };
		23586BC2292CFE8700E70EB4 /* SwiftUISubView.swift */ = {isa = PBXFileReference; lastKnownFileType = sourcecode.swift; path = SwiftUISubView.swift; sourceTree = "<group>"; };
		23586BC4292D263200E70EB4 /* SwiftUIViewcontroller.swift */ = {isa = PBXFileReference; lastKnownFileType = sourcecode.swift; path = SwiftUIViewcontroller.swift; sourceTree = "<group>"; };
/* End PBXFileReference section */

/* Begin PBXFrameworksBuildPhase section */
		23586B9A292CCA4E00E70EB4 /* Frameworks */ = {
			isa = PBXFrameworksBuildPhase;
			buildActionMask = 2147483647;
			files = (
			);
			runOnlyForDeploymentPostprocessing = 0;
		};
/* End PBXFrameworksBuildPhase section */

/* Begin PBXGroup section */
		23586B94292CCA4E00E70EB4 = {
			isa = PBXGroup;
			children = (
				23586B9F292CCA4E00E70EB4 /* swiftui_storyboard_mixed_use */,
				23586B9E292CCA4E00E70EB4 /* Products */,
			);
			sourceTree = "<group>";
		};
		23586B9E292CCA4E00E70EB4 /* Products */ = {
			isa = PBXGroup;
			children = (
				23586B9D292CCA4E00E70EB4 /* swiftui_storyboard_mixed_use.app */,
			);
			name = Products;
			sourceTree = "<group>";
		};
		23586B9F292CCA4E00E70EB4 /* swiftui_storyboard_mixed_use */ = {
			isa = PBXGroup;
			children = (
				23586BA0292CCA4E00E70EB4 /* AppDelegate.swift */,
				23586BA2292CCA4E00E70EB4 /* SceneDelegate.swift */,
				23586BA6292CCA4E00E70EB4 /* Main.storyboard */,
				23586BA4292CCA4E00E70EB4 /* MainViewController.swift */,
				23586BB8292CEA9000E70EB4 /* StorybordViewController.swift */,
				23586BBC292CF08300E70EB4 /* XibViewController.swift */,
				23586BC0292CF0A200E70EB4 /* XibViewController.xib */,
				23586BC4292D263200E70EB4 /* SwiftUIViewcontroller.swift */,
				23586BC2292CFE8700E70EB4 /* SwiftUISubView.swift */,
				23586BA9292CCA5000E70EB4 /* Assets.xcassets */,
				23586BAB292CCA5000E70EB4 /* LaunchScreen.storyboard */,
				23586BAE292CCA5000E70EB4 /* Info.plist */,
			);
			path = swiftui_storyboard_mixed_use;
			sourceTree = "<group>";
		};
/* End PBXGroup section */

/* Begin PBXNativeTarget section */
		23586B9C292CCA4E00E70EB4 /* swiftui_storyboard_mixed_use */ = {
			isa = PBXNativeTarget;
			buildConfigurationList = 23586BB1292CCA5000E70EB4 /* Build configuration list for PBXNativeTarget "swiftui_storyboard_mixed_use" */;
			buildPhases = (
				23586B99292CCA4E00E70EB4 /* Sources */,
				23586B9A292CCA4E00E70EB4 /* Frameworks */,
				23586B9B292CCA4E00E70EB4 /* Resources */,
			);
			buildRules = (
			);
			dependencies = (
			);
			name = swiftui_storyboard_mixed_use;
			productName = swift_storyboard_mixed_use;
			productReference = 23586B9D292CCA4E00E70EB4 /* swiftui_storyboard_mixed_use.app */;
			productType = "com.apple.product-type.application";
		};
/* End PBXNativeTarget section */

/* Begin PBXProject section */
		23586B95292CCA4E00E70EB4 /* Project object */ = {
			isa = PBXProject;
			attributes = {
				BuildIndependentTargetsInParallel = 1;
				LastSwiftUpdateCheck = 1410;
				LastUpgradeCheck = 1410;
				TargetAttributes = {
					23586B9C292CCA4E00E70EB4 = {
						CreatedOnToolsVersion = 14.1;
					};
				};
			};
			buildConfigurationList = 23586B98292CCA4E00E70EB4 /* Build configuration list for PBXProject "swiftui_storyboard_mixed_use" */;
			compatibilityVersion = "Xcode 14.0";
			developmentRegion = en;
			hasScannedForEncodings = 0;
			knownRegions = (
				en,
				Base,
			);
			mainGroup = 23586B94292CCA4E00E70EB4;
			productRefGroup = 23586B9E292CCA4E00E70EB4 /* Products */;
			projectDirPath = "";
			projectRoot = "";
			targets = (
				23586B9C292CCA4E00E70EB4 /* swiftui_storyboard_mixed_use */,
			);
		};
/* End PBXProject section */

/* Begin PBXResourcesBuildPhase section */
		23586B9B292CCA4E00E70EB4 /* Resources */ = {
			isa = PBXResourcesBuildPhase;
			buildActionMask = 2147483647;
			files = (
				23586BAD292CCA5000E70EB4 /* LaunchScreen.storyboard in Resources */,
				23586BAA292CCA5000E70EB4 /* Assets.xcassets in Resources */,
				23586BC1292CF0A200E70EB4 /* XibViewController.xib in Resources */,
				23586BA8292CCA4E00E70EB4 /* Main.storyboard in Resources */,
			);
			runOnlyForDeploymentPostprocessing = 0;
		};
/* End PBXResourcesBuildPhase section */

/* Begin PBXSourcesBuildPhase section */
		23586B99292CCA4E00E70EB4 /* Sources */ = {
			isa = PBXSourcesBuildPhase;
			buildActionMask = 2147483647;
			files = (
				23586BBD292CF08300E70EB4 /* XibViewController.swift in Sources */,
				23586BC5292D263200E70EB4 /* SwiftUIViewcontroller.swift in Sources */,
				23586BB9292CEA9000E70EB4 /* StorybordViewController.swift in Sources */,
				23586BC3292CFE8700E70EB4 /* SwiftUISubView.swift in Sources */,
				23586BA5292CCA4E00E70EB4 /* MainViewController.swift in Sources */,
				23586BA1292CCA4E00E70EB4 /* AppDelegate.swift in Sources */,
				23586BA3292CCA4E00E70EB4 /* SceneDelegate.swift in Sources */,
			);
			runOnlyForDeploymentPostprocessing = 0;
		};
/* End PBXSourcesBuildPhase section */

/* Begin PBXVariantGroup section */
		23586BA6292CCA4E00E70EB4 /* Main.storyboard */ = {
			isa = PBXVariantGroup;
			children = (
				23586BA7292CCA4E00E70EB4 /* Base */,
			);
			name = Main.storyboard;
			sourceTree = "<group>";
		};
		23586BAB292CCA5000E70EB4 /* LaunchScreen.storyboard */ = {
			isa = PBXVariantGroup;
			children = (
				23586BAC292CCA5000E70EB4 /* Base */,
			);
			name = LaunchScreen.storyboard;
			sourceTree = "<group>";
		};
/* End PBXVariantGroup section */

/* Begin XCBuildConfiguration section */
		23586BAF292CCA5000E70EB4 /* Debug */ = {
			isa = XCBuildConfiguration;
			buildSettings = {
				ALWAYS_SEARCH_USER_PATHS = NO;
				CLANG_ANALYZER_NONNULL = YES;
				CLANG_ANALYZER_NUMBER_OBJECT_CONVERSION = YES_AGGRESSIVE;
				CLANG_CXX_LANGUAGE_STANDARD = "gnu++20";
				CLANG_ENABLE_MODULES = YES;
				CLANG_ENABLE_OBJC_ARC = YES;
				CLANG_ENABLE_OBJC_WEAK = YES;
				CLANG_WARN_BLOCK_CAPTURE_AUTORELEASING = YES;
				CLANG_WARN_BOOL_CONVERSION = YES;
				CLANG_WARN_COMMA = YES;
				CLANG_WARN_CONSTANT_CONVERSION = YES;
				CLANG_WARN_DEPRECATED_OBJC_IMPLEMENTATIONS = YES;
				CLANG_WARN_DIRECT_OBJC_ISA_USAGE = YES_ERROR;
				CLANG_WARN_DOCUMENTATION_COMMENTS = YES;
				CLANG_WARN_EMPTY_BODY = YES;
				CLANG_WARN_ENUM_CONVERSION = YES;
				CLANG_WARN_INFINITE_RECURSION = YES;
				CLANG_WARN_INT_CONVERSION = YES;
				CLANG_WARN_NON_LITERAL_NULL_CONVERSION = YES;
				CLANG_WARN_OBJC_IMPLICIT_RETAIN_SELF = YES;
				CLANG_WARN_OBJC_LITERAL_CONVERSION = YES;
				CLANG_WARN_OBJC_ROOT_CLASS = YES_ERROR;
				CLANG_WARN_QUOTED_INCLUDE_IN_FRAMEWORK_HEADER = YES;
				CLANG_WARN_RANGE_LOOP_ANALYSIS = YES;
				CLANG_WARN_STRICT_PROTOTYPES = YES;
				CLANG_WARN_SUSPICIOUS_MOVE = YES;
				CLANG_WARN_UNGUARDED_AVAILABILITY = YES_AGGRESSIVE;
				CLANG_WARN_UNREACHABLE_CODE = YES;
				CLANG_WARN__DUPLICATE_METHOD_MATCH = YES;
				COPY_PHASE_STRIP = NO;
				DEBUG_INFORMATION_FORMAT = dwarf;
				ENABLE_STRICT_OBJC_MSGSEND = YES;
				ENABLE_TESTABILITY = YES;
				GCC_C_LANGUAGE_STANDARD = gnu11;
				GCC_DYNAMIC_NO_PIC = NO;
				GCC_NO_COMMON_BLOCKS = YES;
				GCC_OPTIMIZATION_LEVEL = 0;
				GCC_PREPROCESSOR_DEFINITIONS = (
					"DEBUG=1",
					"$(inherited)",
				);
				GCC_WARN_64_TO_32_BIT_CONVERSION = YES;
				GCC_WARN_ABOUT_RETURN_TYPE = YES_ERROR;
				GCC_WARN_UNDECLARED_SELECTOR = YES;
				GCC_WARN_UNINITIALIZED_AUTOS = YES_AGGRESSIVE;
				GCC_WARN_UNUSED_FUNCTION = YES;
				GCC_WARN_UNUSED_VARIABLE = YES;
				IPHONEOS_DEPLOYMENT_TARGET = 16.1;
				MTL_ENABLE_DEBUG_INFO = INCLUDE_SOURCE;
				MTL_FAST_MATH = YES;
				ONLY_ACTIVE_ARCH = YES;
				SDKROOT = iphoneos;
				SWIFT_ACTIVE_COMPILATION_CONDITIONS = DEBUG;
				SWIFT_OPTIMIZATION_LEVEL = "-Onone";
			};
			name = Debug;
		};
		23586BB0292CCA5000E70EB4 /* Release */ = {
			isa = XCBuildConfiguration;
			buildSettings = {
				ALWAYS_SEARCH_USER_PATHS = NO;
				CLANG_ANALYZER_NONNULL = YES;
				CLANG_ANALYZER_NUMBER_OBJECT_CONVERSION = YES_AGGRESSIVE;
				CLANG_CXX_LANGUAGE_STANDARD = "gnu++20";
				CLANG_ENABLE_MODULES = YES;
				CLANG_ENABLE_OBJC_ARC = YES;
				CLANG_ENABLE_OBJC_WEAK = YES;
				CLANG_WARN_BLOCK_CAPTURE_AUTORELEASING = YES;
				CLANG_WARN_BOOL_CONVERSION = YES;
				CLANG_WARN_COMMA = YES;
				CLANG_WARN_CONSTANT_CONVERSION = YES;
				CLANG_WARN_DEPRECATED_OBJC_IMPLEMENTATIONS = YES;
				CLANG_WARN_DIRECT_OBJC_ISA_USAGE = YES_ERROR;
				CLANG_WARN_DOCUMENTATION_COMMENTS = YES;
				CLANG_WARN_EMPTY_BODY = YES;
				CLANG_WARN_ENUM_CONVERSION = YES;
				CLANG_WARN_INFINITE_RECURSION = YES;
				CLANG_WARN_INT_CONVERSION = YES;
				CLANG_WARN_NON_LITERAL_NULL_CONVERSION = YES;
				CLANG_WARN_OBJC_IMPLICIT_RETAIN_SELF = YES;
				CLANG_WARN_OBJC_LITERAL_CONVERSION = YES;
				CLANG_WARN_OBJC_ROOT_CLASS = YES_ERROR;
				CLANG_WARN_QUOTED_INCLUDE_IN_FRAMEWORK_HEADER = YES;
				CLANG_WARN_RANGE_LOOP_ANALYSIS = YES;
				CLANG_WARN_STRICT_PROTOTYPES = YES;
				CLANG_WARN_SUSPICIOUS_MOVE = YES;
				CLANG_WARN_UNGUARDED_AVAILABILITY = YES_AGGRESSIVE;
				CLANG_WARN_UNREACHABLE_CODE = YES;
				CLANG_WARN__DUPLICATE_METHOD_MATCH = YES;
				COPY_PHASE_STRIP = NO;
				DEBUG_INFORMATION_FORMAT = "dwarf-with-dsym";
				ENABLE_NS_ASSERTIONS = NO;
				ENABLE_STRICT_OBJC_MSGSEND = YES;
				GCC_C_LANGUAGE_STANDARD = gnu11;
				GCC_NO_COMMON_BLOCKS = YES;
				GCC_WARN_64_TO_32_BIT_CONVERSION = YES;
				GCC_WARN_ABOUT_RETURN_TYPE = YES_ERROR;
				GCC_WARN_UNDECLARED_SELECTOR = YES;
				GCC_WARN_UNINITIALIZED_AUTOS = YES_AGGRESSIVE;
				GCC_WARN_UNUSED_FUNCTION = YES;
				GCC_WARN_UNUSED_VARIABLE = YES;
				IPHONEOS_DEPLOYMENT_TARGET = 16.1;
				MTL_ENABLE_DEBUG_INFO = NO;
				MTL_FAST_MATH = YES;
				SDKROOT = iphoneos;
				SWIFT_COMPILATION_MODE = wholemodule;
				SWIFT_OPTIMIZATION_LEVEL = "-O";
				VALIDATE_PRODUCT = YES;
			};
			name = Release;
		};
		23586BB2292CCA5000E70EB4 /* Debug */ = {
			isa = XCBuildConfiguration;
			buildSettings = {
				ASSETCATALOG_COMPILER_APPICON_NAME = AppIcon;
				ASSETCATALOG_COMPILER_GLOBAL_ACCENT_COLOR_NAME = AccentColor;
				CODE_SIGN_STYLE = Automatic;
				CURRENT_PROJECT_VERSION = 1;
				GENERATE_INFOPLIST_FILE = YES;
				INFOPLIST_FILE = swiftui_storyboard_mixed_use/Info.plist;
				INFOPLIST_KEY_UIApplicationSupportsIndirectInputEvents = YES;
				INFOPLIST_KEY_UILaunchStoryboardName = LaunchScreen;
				INFOPLIST_KEY_UIMainStoryboardFile = Main;
				INFOPLIST_KEY_UISupportedInterfaceOrientations_iPad = "UIInterfaceOrientationPortrait UIInterfaceOrientationPortraitUpsideDown UIInterfaceOrientationLandscapeLeft UIInterfaceOrientationLandscapeRight";
				INFOPLIST_KEY_UISupportedInterfaceOrientations_iPhone = "UIInterfaceOrientationPortrait UIInterfaceOrientationLandscapeLeft UIInterfaceOrientationLandscapeRight";
				LD_RUNPATH_SEARCH_PATHS = (
					"$(inherited)",
					"@executable_path/Frameworks",
				);
				MARKETING_VERSION = 1.0;
				PRODUCT_BUNDLE_IDENTIFIER = "com.kevin.swift-storyboard-mixed-use";
				PRODUCT_NAME = "$(TARGET_NAME)";
				SWIFT_EMIT_LOC_STRINGS = YES;
				SWIFT_VERSION = 5.0;
				TARGETED_DEVICE_FAMILY = "1,2";
			};
			name = Debug;
		};
		23586BB3292CCA5000E70EB4 /* Release */ = {
			isa = XCBuildConfiguration;
			buildSettings = {
				ASSETCATALOG_COMPILER_APPICON_NAME = AppIcon;
				ASSETCATALOG_COMPILER_GLOBAL_ACCENT_COLOR_NAME = AccentColor;
				CODE_SIGN_STYLE = Automatic;
				CURRENT_PROJECT_VERSION = 1;
				GENERATE_INFOPLIST_FILE = YES;
				INFOPLIST_FILE = swiftui_storyboard_mixed_use/Info.plist;
				INFOPLIST_KEY_UIApplicationSupportsIndirectInputEvents = YES;
				INFOPLIST_KEY_UILaunchStoryboardName = LaunchScreen;
				INFOPLIST_KEY_UIMainStoryboardFile = Main;
				INFOPLIST_KEY_UISupportedInterfaceOrientations_iPad = "UIInterfaceOrientationPortrait UIInterfaceOrientationPortraitUpsideDown UIInterfaceOrientationLandscapeLeft UIInterfaceOrientationLandscapeRight";
				INFOPLIST_KEY_UISupportedInterfaceOrientations_iPhone = "UIInterfaceOrientationPortrait UIInterfaceOrientationLandscapeLeft UIInterfaceOrientationLandscapeRight";
				LD_RUNPATH_SEARCH_PATHS = (
					"$(inherited)",
					"@executable_path/Frameworks",
				);
				MARKETING_VERSION = 1.0;
				PRODUCT_BUNDLE_IDENTIFIER = "com.kevin.swift-storyboard-mixed-use";
				PRODUCT_NAME = "$(TARGET_NAME)";
				SWIFT_EMIT_LOC_STRINGS = YES;
				SWIFT_VERSION = 5.0;
				TARGETED_DEVICE_FAMILY = "1,2";
			};
			name = Release;
		};
/* End XCBuildConfiguration section */

/* Begin XCConfigurationList section */
		23586B98292CCA4E00E70EB4 /* Build configuration list for PBXProject "swiftui_storyboard_mixed_use" */ = {
			isa = XCConfigurationList;
			buildConfigurations = (
				23586BAF292CCA5000E70EB4 /* Debug */,
				23586BB0292CCA5000E70EB4 /* Release */,
			);
			defaultConfigurationIsVisible = 0;
			defaultConfigurationName = Release;
		};
		23586BB1292CCA5000E70EB4 /* Build configuration list for PBXNativeTarget "swiftui_storyboard_mixed_use" */ = {
			isa = XCConfigurationList;
			buildConfigurations = (
				23586BB2292CCA5000E70EB4 /* Debug */,
				23586BB3292CCA5000E70EB4 /* Release */,
			);
			defaultConfigurationIsVisible = 0;
			defaultConfigurationName = Release;
		};
/* End XCConfigurationList section */
	};
	rootObject = 23586B95292CCA4E00E70EB4 /* Project object */;
}
